{
  "name": "rag",
  "version": "1.0.0",
  "lockfileVersion": 3,
  "requires": true,
  "packages": {
    "": {
      "name": "rag",
      "version": "1.0.0",
      "license": "ISC",
      "dependencies": {
        "@huggingface/inference": "^4.5.1",
        "@langchain/community": "^0.3.49",
        "@langchain/core": "^0.3.63",
        "@langchain/groq": "^0.2.3",
        "cors": "^2.8.5",
        "dotenv": "^16.6.1",
        "express": "^5.1.0",
        "langchain": "^0.3.30",
        "morgan": "^1.10.1",
        "nodemailer": "^7.0.5",
        "resend": "^4.7.0"
      }
    },
    "node_modules/@anthropic-ai/sdk": {
      "version": "0.27.3",
      "resolved": "https://registry.npmjs.org/@anthropic-ai/sdk/-/sdk-0.27.3.tgz",
      "integrity": "sha512-IjLt0gd3L4jlOfilxVXTifn42FnVffMgDC04RJK1KDZpmkBWLv0XC92MVVmkxrFZNS/7l3xWgP/I3nqtX1sQHw==",
      "license": "MIT",
      "peer": true,
      "dependencies": {
        "@types/node": "^18.11.18",
        "@types/node-fetch": "^2.6.4",
        "abort-controller": "^3.0.0",
        "agentkeepalive": "^4.2.1",
        "form-data-encoder": "1.7.2",
        "formdata-node": "^4.3.2",
        "node-fetch": "^2.6.7"
      }
    },
    "node_modules/@browserbasehq/sdk": {
      "version": "2.6.0",
      "resolved": "https://registry.npmjs.org/@browserbasehq/sdk/-/sdk-2.6.0.tgz",
      "integrity": "sha512-83iXP5D7xMm8Wyn66TUaUrgoByCmAJuoMoZQI3sGg3JAiMlTfnCIMqyVBoNSaItaPIkaCnrsj6LiusmXV2X9YA==",
      "license": "Apache-2.0",
      "peer": true,
      "dependencies": {
        "@types/node": "^18.11.18",
        "@types/node-fetch": "^2.6.4",
        "abort-controller": "^3.0.0",
        "agentkeepalive": "^4.2.1",
        "form-data-encoder": "1.7.2",
        "formdata-node": "^4.3.2",
        "node-fetch": "^2.6.7"
      }
    },
    "node_modules/@browserbasehq/stagehand": {
      "version": "1.14.0",
      "resolved": "https://registry.npmjs.org/@browserbasehq/stagehand/-/stagehand-1.14.0.tgz",
      "integrity": "sha512-Hi/EzgMFWz+FKyepxHTrqfTPjpsuBS4zRy3e9sbMpBgLPv+9c0R+YZEvS7Bw4mTS66QtvvURRT6zgDGFotthVQ==",
      "license": "MIT",
      "peer": true,
      "dependencies": {
        "@anthropic-ai/sdk": "^0.27.3",
        "@browserbasehq/sdk": "^2.0.0",
        "ws": "^8.18.0",
        "zod-to-json-schema": "^3.23.5"
      },
      "peerDependencies": {
        "@playwright/test": "^1.42.1",
        "deepmerge": "^4.3.1",
        "dotenv": "^16.4.5",
        "openai": "^4.62.1",
        "zod": "^3.23.8"
      }
    },
    "node_modules/@cfworker/json-schema": {
      "version": "4.1.1",
      "resolved": "https://registry.npmjs.org/@cfworker/json-schema/-/json-schema-4.1.1.tgz",
      "integrity": "sha512-gAmrUZSGtKc3AiBL71iNWxDsyUC5uMaKKGdvzYsBoTW/xi42JQHl7eKV2OYzCUqvc+D2RCcf7EXY2iCyFIk6og==",
      "license": "MIT"
    },
    "node_modules/@graphql-typed-document-node/core": {
      "version": "3.2.0",
      "resolved": "https://registry.npmjs.org/@graphql-typed-document-node/core/-/core-3.2.0.tgz",
      "integrity": "sha512-mB9oAsNCm9aM3/SOv4YtBMqZbYj10R7dkq8byBqxGY/ncFwhf2oQzMV+LCRlWoDSEBJ3COiR1yeDvMtsoOsuFQ==",
      "license": "MIT",
      "peerDependencies": {
        "graphql": "^0.8.0 || ^0.9.0 || ^0.10.0 || ^0.11.0 || ^0.12.0 || ^0.13.0 || ^14.0.0 || ^15.0.0 || ^16.0.0 || ^17.0.0"
      }
    },
    "node_modules/@grpc/grpc-js": {
      "version": "1.13.4",
      "resolved": "https://registry.npmjs.org/@grpc/grpc-js/-/grpc-js-1.13.4.tgz",
      "integrity": "sha512-GsFaMXCkMqkKIvwCQjCrwH+GHbPKBjhwo/8ZuUkWHqbI73Kky9I+pQltrlT0+MWpedCoosda53lgjYfyEPgxBg==",
      "license": "Apache-2.0",
      "dependencies": {
        "@grpc/proto-loader": "^0.7.13",
        "@js-sdsl/ordered-map": "^4.4.2"
      },
      "engines": {
        "node": ">=12.10.0"
      }
    },
    "node_modules/@grpc/proto-loader": {
      "version": "0.7.15",
      "resolved": "https://registry.npmjs.org/@grpc/proto-loader/-/proto-loader-0.7.15.tgz",
      "integrity": "sha512-tMXdRCfYVixjuFK+Hk0Q1s38gV9zDiDJfWL3h1rv4Qc39oILCu1TRTDt7+fGUI8K4G1Fj125Hx/ru3azECWTyQ==",
      "license": "Apache-2.0",
      "dependencies": {
        "lodash.camelcase": "^4.3.0",
        "long": "^5.0.0",
        "protobufjs": "^7.2.5",
        "yargs": "^17.7.2"
      },
      "bin": {
        "proto-loader-gen-types": "build/bin/proto-loader-gen-types.js"
      },
      "engines": {
        "node": ">=6"
      }
    },
    "node_modules/@huggingface/inference": {
      "version": "4.5.1",
      "resolved": "https://registry.npmjs.org/@huggingface/inference/-/inference-4.5.1.tgz",
      "integrity": "sha512-eMuugf8LfyqRyZxcdXH2sTk2Isb7+2B1lxHwdmHAOfaclfoNDC/OegZZ12Fp61WdgTXr+R/gM7oATMr3HXlN2g==",
      "license": "MIT",
      "dependencies": {
        "@huggingface/jinja": "^0.5.1",
        "@huggingface/tasks": "^0.19.23"
      },
      "engines": {
        "node": ">=18"
      }
    },
    "node_modules/@huggingface/jinja": {
      "version": "0.5.1",
      "resolved": "https://registry.npmjs.org/@huggingface/jinja/-/jinja-0.5.1.tgz",
      "integrity": "sha512-yUZLld4lrM9iFxHCwFQ7D1HW2MWMwSbeB7WzWqFYDWK+rEb+WldkLdAJxUPOmgICMHZLzZGVcVjFh3w/YGubng==",
      "license": "MIT",
      "engines": {
        "node": ">=18"
      }
    },
    "node_modules/@huggingface/tasks": {
      "version": "0.19.25",
      "resolved": "https://registry.npmjs.org/@huggingface/tasks/-/tasks-0.19.25.tgz",
      "integrity": "sha512-G/F7BBLhgtXJd4y4JI+9UaSoRzxYKeWefuERADAyeecyyAdCnm+F83dAYDAulU7I9wsWEK6jneLAzBaXFASUQg==",
      "license": "MIT"
    },
    "node_modules/@ibm-cloud/watsonx-ai": {
      "version": "1.6.9",
      "resolved": "https://registry.npmjs.org/@ibm-cloud/watsonx-ai/-/watsonx-ai-1.6.9.tgz",
      "integrity": "sha512-aW4jUVgxjdDa8IDSM+KPeR42pxeR5AUvSXxvj+iid1DdrmRd/SRR9o/FdWEjpZLgcs5RXQFIT56goWkJv7s8oQ==",
      "license": "Apache-2.0",
      "peer": true,
      "dependencies": {
        "@types/node": "^18.0.0",
        "extend": "3.0.2",
        "ibm-cloud-sdk-core": "^5.3.2"
      },
      "engines": {
        "node": ">=18.0.0"
      }
    },
    "node_modules/@js-sdsl/ordered-map": {
      "version": "4.4.2",
      "resolved": "https://registry.npmjs.org/@js-sdsl/ordered-map/-/ordered-map-4.4.2.tgz",
      "integrity": "sha512-iUKgm52T8HOE/makSxjqoWhe95ZJA1/G1sYsGev2JDKUSS14KAgg1LHb+Ba+IPow0xflbnSkOsZcO08C7w1gYw==",
      "license": "MIT",
      "funding": {
        "type": "opencollective",
        "url": "https://opencollective.com/js-sdsl"
      }
    },
    "node_modules/@langchain/community": {
      "version": "0.3.49",
      "resolved": "https://registry.npmjs.org/@langchain/community/-/community-0.3.49.tgz",
      "integrity": "sha512-1AAo9mvr1FmqYHUpXhYI8P4NBPC4t9TfUAuvefEImrtb3gZ60fPelVu17ljWlKJcHC1hPSHYpPJWm0Yx7yRvrw==",
      "license": "MIT",
      "dependencies": {
        "@langchain/openai": ">=0.2.0 <0.7.0",
        "@langchain/weaviate": "^0.2.0",
        "binary-extensions": "^2.2.0",
        "expr-eval": "^2.0.2",
        "flat": "^5.0.2",
        "js-yaml": "^4.1.0",
        "langchain": ">=0.2.3 <0.3.0 || >=0.3.4 <0.4.0",
        "langsmith": "^0.3.33",
        "uuid": "^10.0.0",
        "zod": "^3.25.32"
      },
      "engines": {
        "node": ">=18"
      },
      "peerDependencies": {
        "@arcjet/redact": "^v1.0.0-alpha.23",
        "@aws-crypto/sha256-js": "^5.0.0",
        "@aws-sdk/client-bedrock-agent-runtime": "^3.749.0",
        "@aws-sdk/client-bedrock-runtime": "^3.749.0",
        "@aws-sdk/client-dynamodb": "^3.749.0",
        "@aws-sdk/client-kendra": "^3.749.0",
        "@aws-sdk/client-lambda": "^3.749.0",
        "@aws-sdk/client-s3": "^3.749.0",
        "@aws-sdk/client-sagemaker-runtime": "^3.749.0",
        "@aws-sdk/client-sfn": "^3.749.0",
        "@aws-sdk/credential-provider-node": "^3.388.0",
        "@azure/search-documents": "^12.0.0",
        "@azure/storage-blob": "^12.15.0",
        "@browserbasehq/sdk": "*",
        "@browserbasehq/stagehand": "^1.0.0",
        "@clickhouse/client": "^0.2.5",
        "@cloudflare/ai": "*",
        "@datastax/astra-db-ts": "^1.0.0",
        "@elastic/elasticsearch": "^8.4.0",
        "@getmetal/metal-sdk": "*",
        "@getzep/zep-cloud": "^1.0.6",
        "@getzep/zep-js": "^0.9.0",
        "@gomomento/sdk": "^1.51.1",
        "@gomomento/sdk-core": "^1.51.1",
        "@google-ai/generativelanguage": "*",
        "@google-cloud/storage": "^6.10.1 || ^7.7.0",
        "@gradientai/nodejs-sdk": "^1.2.0",
        "@huggingface/inference": "^4.0.5",
        "@huggingface/transformers": "^3.5.2",
        "@ibm-cloud/watsonx-ai": "*",
        "@lancedb/lancedb": "^0.12.0",
        "@langchain/core": ">=0.3.58 <0.4.0",
        "@layerup/layerup-security": "^1.5.12",
        "@libsql/client": "^0.14.0",
        "@mendable/firecrawl-js": "^1.4.3",
        "@mlc-ai/web-llm": "*",
        "@mozilla/readability": "*",
        "@neondatabase/serverless": "*",
        "@notionhq/client": "^2.2.10",
        "@opensearch-project/opensearch": "*",
        "@pinecone-database/pinecone": "*",
        "@planetscale/database": "^1.8.0",
        "@premai/prem-sdk": "^0.3.25",
        "@qdrant/js-client-rest": "^1.8.2",
        "@raycast/api": "^1.55.2",
        "@rockset/client": "^0.9.1",
        "@smithy/eventstream-codec": "^2.0.5",
        "@smithy/protocol-http": "^3.0.6",
        "@smithy/signature-v4": "^2.0.10",
        "@smithy/util-utf8": "^2.0.0",
        "@spider-cloud/spider-client": "^0.0.21",
        "@supabase/supabase-js": "^2.45.0",
        "@tensorflow-models/universal-sentence-encoder": "*",
        "@tensorflow/tfjs-converter": "*",
        "@tensorflow/tfjs-core": "*",
        "@upstash/ratelimit": "^1.1.3 || ^2.0.3",
        "@upstash/redis": "^1.20.6",
        "@upstash/vector": "^1.1.1",
        "@vercel/kv": "*",
        "@vercel/postgres": "*",
        "@writerai/writer-sdk": "^0.40.2",
        "@xata.io/client": "^0.28.0",
        "@zilliz/milvus2-sdk-node": ">=2.3.5",
        "apify-client": "^2.7.1",
        "assemblyai": "^4.6.0",
        "azion": "^1.11.1",
        "better-sqlite3": ">=9.4.0 <12.0.0",
        "cassandra-driver": "^4.7.2",
        "cborg": "^4.1.1",
        "cheerio": "^1.0.0-rc.12",
        "chromadb": "*",
        "closevector-common": "0.1.3",
        "closevector-node": "0.1.6",
        "closevector-web": "0.1.6",
        "cohere-ai": "*",
        "convex": "^1.3.1",
        "crypto-js": "^4.2.0",
        "d3-dsv": "^2.0.0",
        "discord.js": "^14.14.1",
        "dria": "^0.0.3",
        "duck-duck-scrape": "^2.2.5",
        "epub2": "^3.0.1",
        "fast-xml-parser": "*",
        "firebase-admin": "^11.9.0 || ^12.0.0",
        "google-auth-library": "*",
        "googleapis": "*",
        "hnswlib-node": "^3.0.0",
        "html-to-text": "^9.0.5",
        "ibm-cloud-sdk-core": "*",
        "ignore": "^5.2.0",
        "interface-datastore": "^8.2.11",
        "ioredis": "^5.3.2",
        "it-all": "^3.0.4",
        "jsdom": "*",
        "jsonwebtoken": "^9.0.2",
        "llmonitor": "^0.5.9",
        "lodash": "^4.17.21",
        "lunary": "^0.7.10",
        "mammoth": "^1.6.0",
        "mariadb": "^3.4.0",
        "mem0ai": "^2.1.8",
        "mongodb": "^6.17.0",
        "mysql2": "^3.9.8",
        "neo4j-driver": "*",
        "notion-to-md": "^3.1.0",
        "officeparser": "^4.0.4",
        "openai": "*",
        "pdf-parse": "1.1.1",
        "pg": "^8.11.0",
        "pg-copy-streams": "^6.0.5",
        "pickleparser": "^0.2.1",
        "playwright": "^1.32.1",
        "portkey-ai": "^0.1.11",
        "puppeteer": "*",
        "pyodide": ">=0.24.1 <0.27.0",
        "redis": "*",
        "replicate": "*",
        "sonix-speech-recognition": "^2.1.1",
        "srt-parser-2": "^1.2.3",
        "typeorm": "^0.3.20",
        "typesense": "^1.5.3",
        "usearch": "^1.1.1",
        "voy-search": "0.6.2",
        "weaviate-client": "^3.5.2",
        "web-auth-library": "^1.0.3",
        "word-extractor": "*",
        "ws": "^8.14.2",
        "youtubei.js": "*"
      },
      "peerDependenciesMeta": {
        "@arcjet/redact": {
          "optional": true
        },
        "@aws-crypto/sha256-js": {
          "optional": true
        },
        "@aws-sdk/client-bedrock-agent-runtime": {
          "optional": true
        },
        "@aws-sdk/client-bedrock-runtime": {
          "optional": true
        },
        "@aws-sdk/client-dynamodb": {
          "optional": true
        },
        "@aws-sdk/client-kendra": {
          "optional": true
        },
        "@aws-sdk/client-lambda": {
          "optional": true
        },
        "@aws-sdk/client-s3": {
          "optional": true
        },
        "@aws-sdk/client-sagemaker-runtime": {
          "optional": true
        },
        "@aws-sdk/client-sfn": {
          "optional": true
        },
        "@aws-sdk/credential-provider-node": {
          "optional": true
        },
        "@aws-sdk/dsql-signer": {
          "optional": true
        },
        "@azure/search-documents": {
          "optional": true
        },
        "@azure/storage-blob": {
          "optional": true
        },
        "@browserbasehq/sdk": {
          "optional": true
        },
        "@clickhouse/client": {
          "optional": true
        },
        "@cloudflare/ai": {
          "optional": true
        },
        "@datastax/astra-db-ts": {
          "optional": true
        },
        "@elastic/elasticsearch": {
          "optional": true
        },
        "@getmetal/metal-sdk": {
          "optional": true
        },
        "@getzep/zep-cloud": {
          "optional": true
        },
        "@getzep/zep-js": {
          "optional": true
        },
        "@gomomento/sdk": {
          "optional": true
        },
        "@gomomento/sdk-core": {
          "optional": true
        },
        "@google-ai/generativelanguage": {
          "optional": true
        },
        "@google-cloud/storage": {
          "optional": true
        },
        "@gradientai/nodejs-sdk": {
          "optional": true
        },
        "@huggingface/inference": {
          "optional": true
        },
        "@huggingface/transformers": {
          "optional": true
        },
        "@lancedb/lancedb": {
          "optional": true
        },
        "@layerup/layerup-security": {
          "optional": true
        },
        "@libsql/client": {
          "optional": true
        },
        "@mendable/firecrawl-js": {
          "optional": true
        },
        "@mlc-ai/web-llm": {
          "optional": true
        },
        "@mozilla/readability": {
          "optional": true
        },
        "@neondatabase/serverless": {
          "optional": true
        },
        "@notionhq/client": {
          "optional": true
        },
        "@opensearch-project/opensearch": {
          "optional": true
        },
        "@pinecone-database/pinecone": {
          "optional": true
        },
        "@planetscale/database": {
          "optional": true
        },
        "@premai/prem-sdk": {
          "optional": true
        },
        "@qdrant/js-client-rest": {
          "optional": true
        },
        "@raycast/api": {
          "optional": true
        },
        "@rockset/client": {
          "optional": true
        },
        "@smithy/eventstream-codec": {
          "optional": true
        },
        "@smithy/protocol-http": {
          "optional": true
        },
        "@smithy/signature-v4": {
          "optional": true
        },
        "@smithy/util-utf8": {
          "optional": true
        },
        "@spider-cloud/spider-client": {
          "optional": true
        },
        "@supabase/supabase-js": {
          "optional": true
        },
        "@tensorflow-models/universal-sentence-encoder": {
          "optional": true
        },
        "@tensorflow/tfjs-converter": {
          "optional": true
        },
        "@tensorflow/tfjs-core": {
          "optional": true
        },
        "@upstash/ratelimit": {
          "optional": true
        },
        "@upstash/redis": {
          "optional": true
        },
        "@upstash/vector": {
          "optional": true
        },
        "@vercel/kv": {
          "optional": true
        },
        "@vercel/postgres": {
          "optional": true
        },
        "@writerai/writer-sdk": {
          "optional": true
        },
        "@xata.io/client": {
          "optional": true
        },
        "@zilliz/milvus2-sdk-node": {
          "optional": true
        },
        "apify-client": {
          "optional": true
        },
        "assemblyai": {
          "optional": true
        },
        "azion": {
          "optional": true
        },
        "better-sqlite3": {
          "optional": true
        },
        "cassandra-driver": {
          "optional": true
        },
        "cborg": {
          "optional": true
        },
        "cheerio": {
          "optional": true
        },
        "chromadb": {
          "optional": true
        },
        "closevector-common": {
          "optional": true
        },
        "closevector-node": {
          "optional": true
        },
        "closevector-web": {
          "optional": true
        },
        "cohere-ai": {
          "optional": true
        },
        "convex": {
          "optional": true
        },
        "crypto-js": {
          "optional": true
        },
        "d3-dsv": {
          "optional": true
        },
        "discord.js": {
          "optional": true
        },
        "dria": {
          "optional": true
        },
        "duck-duck-scrape": {
          "optional": true
        },
        "epub2": {
          "optional": true
        },
        "fast-xml-parser": {
          "optional": true
        },
        "firebase-admin": {
          "optional": true
        },
        "google-auth-library": {
          "optional": true
        },
        "googleapis": {
          "optional": true
        },
        "hnswlib-node": {
          "optional": true
        },
        "html-to-text": {
          "optional": true
        },
        "ignore": {
          "optional": true
        },
        "interface-datastore": {
          "optional": true
        },
        "ioredis": {
          "optional": true
        },
        "it-all": {
          "optional": true
        },
        "jsdom": {
          "optional": true
        },
        "jsonwebtoken": {
          "optional": true
        },
        "llmonitor": {
          "optional": true
        },
        "lodash": {
          "optional": true
        },
        "lunary": {
          "optional": true
        },
        "mammoth": {
          "optional": true
        },
        "mariadb": {
          "optional": true
        },
        "mem0ai": {
          "optional": true
        },
        "mongodb": {
          "optional": true
        },
        "mysql2": {
          "optional": true
        },
        "neo4j-driver": {
          "optional": true
        },
        "notion-to-md": {
          "optional": true
        },
        "officeparser": {
          "optional": true
        },
        "pdf-parse": {
          "optional": true
        },
        "pg": {
          "optional": true
        },
        "pg-copy-streams": {
          "optional": true
        },
        "pickleparser": {
          "optional": true
        },
        "playwright": {
          "optional": true
        },
        "portkey-ai": {
          "optional": true
        },
        "puppeteer": {
          "optional": true
        },
        "pyodide": {
          "optional": true
        },
        "redis": {
          "optional": true
        },
        "replicate": {
          "optional": true
        },
        "sonix-speech-recognition": {
          "optional": true
        },
        "srt-parser-2": {
          "optional": true
        },
        "typeorm": {
          "optional": true
        },
        "typesense": {
          "optional": true
        },
        "use
